// !$*UTF8*$!
{
	archiveVersion = 1;
	classes = {
	};
	objectVersion = 50;
	objects = {

/* Begin PBXBuildFile section */
		C23C7ECB212BCAC500D65427 /* TableViewController.swift in Sources */ = {isa = PBXBuildFile; fileRef = C23C7ECA212BCAC500D65427 /* TableViewController.swift */; };
		C28C11CF212A785300076706 /* AppDelegate.swift in Sources */ = {isa = PBXBuildFile; fileRef = C28C11CE212A785300076706 /* AppDelegate.swift */; };
		C28C11D1212A785300076706 /* ViewController.swift in Sources */ = {isa = PBXBuildFile; fileRef = C28C11D0212A785300076706 /* ViewController.swift */; };
		C28C11D4212A785300076706 /* Main.storyboard in Resources */ = {isa = PBXBuildFile; fileRef = C28C11D2212A785300076706 /* Main.storyboard */; };
		C28C11D6212A785900076706 /* Assets.xcassets in Resources */ = {isa = PBXBuildFile; fileRef = C28C11D5212A785900076706 /* Assets.xcassets */; };
		C28C11D9212A785900076706 /* LaunchScreen.storyboard in Resources */ = {isa = PBXBuildFile; fileRef = C28C11D7212A785900076706 /* LaunchScreen.storyboard */; };
		C28C11E4212A785900076706 /* HelloTests.swift in Sources */ = {isa = PBXBuildFile; fileRef = C28C11E3212A785900076706 /* HelloTests.swift */; };
		C28C11EF212A785900076706 /* HelloUITests.swift in Sources */ = {isa = PBXBuildFile; fileRef = C28C11EE212A785900076706 /* HelloUITests.swift */; };
/* End PBXBuildFile section */

/* Begin PBXContainerItemProxy section */
		C28C11E0212A785900076706 /* PBXContainerItemProxy */ = {
			isa = PBXContainerItemProxy;
			containerPortal = C28C11C3212A785300076706 /* Project object */;
			proxyType = 1;
			remoteGlobalIDString = C28C11CA212A785300076706;
			remoteInfo = Hello;
		};
		C28C11EB212A785900076706 /* PBXContainerItemProxy */ = {
			isa = PBXContainerItemProxy;
			containerPortal = C28C11C3212A785300076706 /* Project object */;
			proxyType = 1;
			remoteGlobalIDString = C28C11CA212A785300076706;
			remoteInfo = Hello;
		};
/* End PBXContainerItemProxy section */

/* Begin PBXFileReference section */
		C23C7ECA212BCAC500D65427 /* TableViewController.swift */ = {isa = PBXFileReference; lastKnownFileType = sourcecode.swift; path = TableViewController.swift; sourceTree = "<group>"; };
		C28C11CB212A785300076706 /* Hello.app */ = {isa = PBXFileReference; explicitFileType = wrapper.application; includeInIndex = 0; path = Hello.app; sourceTree = BUILT_PRODUCTS_DIR; };
		C28C11CE212A785300076706 /* AppDelegate.swift */ = {isa = PBXFileReference; lastKnownFileType = sourcecode.swift; path = AppDelegate.swift; sourceTree = "<group>"; };
		C28C11D0212A785300076706 /* ViewController.swift */ = {isa = PBXFileReference; lastKnownFileType = sourcecode.swift; path = ViewController.swift; sourceTree = "<group>"; };
		C28C11D3212A785300076706 /* Base */ = {isa = PBXFileReference; lastKnownFileType = file.storyboard; name = Base; path = Base.lproj/Main.storyboard; sourceTree = "<group>"; };
		C28C11D5212A785900076706 /* Assets.xcassets */ = {isa = PBXFileReference; lastKnownFileType = folder.assetcatalog; path = Assets.xcassets; sourceTree = "<group>"; };
		C28C11D8212A785900076706 /* Base */ = {isa = PBXFileReference; lastKnownFileType = file.storyboard; name = Base; path = Base.lproj/LaunchScreen.storyboard; sourceTree = "<group>"; };
		C28C11DA212A785900076706 /* Info.plist */ = {isa = PBXFileReference; lastKnownFileType = text.plist.xml; path = Info.plist; sourceTree = "<group>"; };
		C28C11DF212A785900076706 /* HelloTests.xctest */ = {isa = PBXFileReference; explicitFileType = wrapper.cfbundle; includeInIndex = 0; path = HelloTests.xctest; sourceTree = BUILT_PRODUCTS_DIR; };
		C28C11E3212A785900076706 /* HelloTests.swift */ = {isa = PBXFileReference; lastKnownFileType = sourcecode.swift; path = HelloTests.swift; sourceTree = "<group>"; };
		C28C11E5212A785900076706 /* Info.plist */ = {isa = PBXFileReference; lastKnownFileType = text.plist.xml; path = Info.plist; sourceTree = "<group>"; };
		C28C11EA212A785900076706 /* HelloUITests.xctest */ = {isa = PBXFileReference; explicitFileType = wrapper.cfbundle; includeInIndex = 0; path = HelloUITests.xctest; sourceTree = BUILT_PRODUCTS_DIR; };
		C28C11EE212A785900076706 /* HelloUITests.swift */ = {isa = PBXFileReference; lastKnownFileType = sourcecode.swift; path = HelloUITests.swift; sourceTree = "<group>"; };
		C28C11F0212A785900076706 /* Info.plist */ = {isa = PBXFileReference; lastKnownFileType = text.plist.xml; path = Info.plist; sourceTree = "<group>"; };
/* End PBXFileReference section */

/* Begin PBXFrameworksBuildPhase section */
		C28C11C8212A785300076706 /* Frameworks */ = {
			isa = PBXFrameworksBuildPhase;
			buildActionMask = 2147483647;
			files = (
			);
			runOnlyForDeploymentPostprocessing = 0;
		};
		C28C11DC212A785900076706 /* Frameworks */ = {
			isa = PBXFrameworksBuildPhase;
			buildActionMask = 2147483647;
			files = (
			);
			runOnlyForDeploymentPostprocessing = 0;
		};
		C28C11E7212A785900076706 /* Frameworks */ = {
			isa = PBXFrameworksBuildPhase;
			buildActionMask = 2147483647;
			files = (
			);
			runOnlyForDeploymentPostprocessing = 0;
		};
/* End PBXFrameworksBuildPhase section */

/* Begin PBXGroup section */
		C28C11C2212A785300076706 = {
			isa = PBXGroup;
			children = (
				C28C11CD212A785300076706 /* Hello */,
				C28C11E2212A785900076706 /* HelloTests */,
				C28C11ED212A785900076706 /* HelloUITests */,
				C28C11CC212A785300076706 /* Products */,
			);
			indentWidth = 1;
			sourceTree = "<group>";
			tabWidth = 1;
			usesTabs = 1;
		};
		C28C11CC212A785300076706 /* Products */ = {
			isa = PBXGroup;
			children = (
				C28C11CB212A785300076706 /* Hello.app */,
				C28C11DF212A785900076706 /* HelloTests.xctest */,
				C28C11EA212A785900076706 /* HelloUITests.xctest */,
			);
			name = Products;
			sourceTree = "<group>";
		};
		C28C11CD212A785300076706 /* Hello */ = {
			isa = PBXGroup;
			children = (
				C28C11CE212A785300076706 /* AppDelegate.swift */,
				C28C11D0212A785300076706 /* ViewController.swift */,
				C28C11D2212A785300076706 /* Main.storyboard */,
				C23C7ECA212BCAC500D65427 /* TableViewController.swift */,
				C28C11D5212A785900076706 /* Assets.xcassets */,
				C28C11D7212A785900076706 /* LaunchScreen.storyboard */,
				C28C11DA212A785900076706 /* Info.plist */,
			);
			path = Hello;
			sourceTree = "<group>";
		};
		C28C11E2212A785900076706 /* HelloTests */ = {
			isa = PBXGroup;
			children = (
				C28C11E3212A785900076706 /* HelloTests.swift */,
				C28C11E5212A785900076706 /* Info.plist */,
			);
			path = HelloTests;
			sourceTree = "<group>";
		};
		C28C11ED212A785900076706 /* HelloUITests */ = {
			isa = PBXGroup;
			children = (
				C28C11EE212A785900076706 /* HelloUITests.swift */,
				C28C11F0212A785900076706 /* Info.plist */,
			);
			path = HelloUITests;
			sourceTree = "<group>";
		};
/* End PBXGroup section */

/* Begin PBXNativeTarget section */
		C28C11CA212A785300076706 /* Hello */ = {
			isa = PBXNativeTarget;
			buildConfigurationList = C28C11F3212A785900076706 /* Build configuration list for PBXNativeTarget "Hello" */;
			buildPhases = (
				C28C11C7212A785300076706 /* Sources */,
				C28C11C8212A785300076706 /* Frameworks */,
				C28C11C9212A785300076706 /* Resources */,
			);
			buildRules = (
			);
			dependencies = (
			);
			name = Hello;
			productName = Hello;
			productReference = C28C11CB212A785300076706 /* Hello.app */;
			productType = "com.apple.product-type.application";
		};
		C28C11DE212A785900076706 /* HelloTests */ = {
			isa = PBXNativeTarget;
			buildConfigurationList = C28C11F6212A785900076706 /* Build configuration list for PBXNativeTarget "HelloTests" */;
			buildPhases = (
				C28C11DB212A785900076706 /* Sources */,
				C28C11DC212A785900076706 /* Frameworks */,
				C28C11DD212A785900076706 /* Resources */,
			);
			buildRules = (
			);
			dependencies = (
				C28C11E1212A785900076706 /* PBXTargetDependency */,
			);
			name = HelloTests;
			productName = HelloTests;
			productReference = C28C11DF212A785900076706 /* HelloTests.xctest */;
			productType = "com.apple.product-type.bundle.unit-test";
		};
		C28C11E9212A785900076706 /* HelloUITests */ = {
			isa = PBXNativeTarget;
			buildConfigurationList = C28C11F9212A785900076706 /* Build configuration list for PBXNativeTarget "HelloUITests" */;
			buildPhases = (
				C28C11E6212A785900076706 /* Sources */,
				C28C11E7212A785900076706 /* Frameworks */,
				C28C11E8212A785900076706 /* Resources */,
			);
			buildRules = (
			);
			dependencies = (
				C28C11EC212A785900076706 /* PBXTargetDependency */,
			);
			name = HelloUITests;
			productName = HelloUITests;
			productReference = C28C11EA212A785900076706 /* HelloUITests.xctest */;
			productType = "com.apple.product-type.bundle.ui-testing";
		};
/* End PBXNativeTarget section */

/* Begin PBXProject section */
		C28C11C3212A785300076706 /* Project object */ = {
			isa = PBXProject;
			attributes = {
				LastSwiftUpdateCheck = 0940;
				LastUpgradeCheck = 0940;
				ORGANIZATIONNAME = "Suracha S.";
				TargetAttributes = {
					C28C11CA212A785300076706 = {
						CreatedOnToolsVersion = 9.4.1;
					};
					C28C11DE212A785900076706 = {
						CreatedOnToolsVersion = 9.4.1;
						TestTargetID = C28C11CA212A785300076706;
					};
					C28C11E9212A785900076706 = {
						CreatedOnToolsVersion = 9.4.1;
						TestTargetID = C28C11CA212A785300076706;
					};
				};
			};
			buildConfigurationList = C28C11C6212A785300076706 /* Build configuration list for PBXProject "Hello" */;
			compatibilityVersion = "Xcode 9.3";
			developmentRegion = en;
			hasScannedForEncodings = 0;
			knownRegions = (
				en,
				Base,
			);
			mainGroup = C28C11C2212A785300076706;
			productRefGroup = C28C11CC212A785300076706 /* Products */;
			projectDirPath = "";
			projectRoot = "";
			targets = (
				C28C11CA212A785300076706 /* Hello */,
				C28C11DE212A785900076706 /* HelloTests */,
				C28C11E9212A785900076706 /* HelloUITests */,
			);
		};
/* End PBXProject section */

/* Begin PBXResourcesBuildPhase section */
		C28C11C9212A785300076706 /* Resources */ = {
			isa = PBXResourcesBuildPhase;
			buildActionMask = 2147483647;
			files = (
				C28C11D9212A785900076706 /* LaunchScreen.storyboard in Resources */,
				C28C11D6212A785900076706 /* Assets.xcassets in Resources */,
				C28C11D4212A785300076706 /* Main.storyboard in Resources */,
			);
			runOnlyForDeploymentPostprocessing = 0;
		};
		C28C11DD212A785900076706 /* Resources */ = {
			isa = PBXResourcesBuildPhase;
			buildActionMask = 2147483647;
			files = (
			);
			runOnlyForDeploymentPostprocessing = 0;
		};
		C28C11E8212A785900076706 /* Resources */ = {
			isa = PBXResourcesBuildPhase;
			buildActionMask = 2147483647;
			files = (
			);
			runOnlyForDeploymentPostprocessing = 0;
		};
/* End PBXResourcesBuildPhase section */

/* Begin PBXSourcesBuildPhase section */
		C28C11C7212A785300076706 /* Sources */ = {
			isa = PBXSourcesBuildPhase;
			buildActionMask = 2147483647;
			files = (
				C28C11D1212A785300076706 /* ViewController.swift in Sources */,
				C23C7ECB212BCAC500D65427 /* TableViewController.swift in Sources */,
				C28C11CF212A785300076706 /* AppDelegate.swift in Sources */,
			);
			runOnlyForDeploymentPostprocessing = 0;
		};
		C28C11DB212A785900076706 /* Sources */ = {
			isa = PBXSourcesBuildPhase;
			buildActionMask = 2147483647;
			files = (
				C28C11E4212A785900076706 /* HelloTests.swift in Sources */,
			);
			runOnlyForDeploymentPostprocessing = 0;
		};
		C28C11E6212A785900076706 /* Sources */ = {
			isa = PBXSourcesBuildPhase;
			buildActionMask = 2147483647;
			files = (
				C28C11EF212A785900076706 /* HelloUITests.swift in Sources */,
			);
			runOnlyForDeploymentPostprocessing = 0;
		};
/* End PBXSourcesBuildPhase section */

/* Begin PBXTargetDependency section */
		C28C11E1212A785900076706 /* PBXTargetDependency */ = {
			isa = PBXTargetDependency;
			target = C28C11CA212A785300076706 /* Hello */;
			targetProxy = C28C11E0212A785900076706 /* PBXContainerItemProxy */;
		};
		C28C11EC212A785900076706 /* PBXTargetDependency */ = {
			isa = PBXTargetDependency;
			target = C28C11CA212A785300076706 /* Hello */;
			targetProxy = C28C11EB212A785900076706 /* PBXContainerItemProxy */;
		};
/* End PBXTargetDependency section */

/* Begin PBXVariantGroup section */
		C28C11D2212A785300076706 /* Main.storyboard */ = {
			isa = PBXVariantGroup;
			children = (
				C28C11D3212A785300076706 /* Base */,
			);
			name = Main.storyboard;
			sourceTree = "<group>";
		};
		C28C11D7212A785900076706 /* LaunchScreen.storyboard */ = {
			isa = PBXVariantGroup;
			children = (
				C28C11D8212A785900076706 /* Base */,
			);
			name = LaunchScreen.storyboard;
			sourceTree = "<group>";
		};
/* End PBXVariantGroup section */

/* Begin XCBuildConfiguration section */
		C28C11F1212A785900076706 /* Debug */ = {
			isa = XCBuildConfiguration;
			buildSettings = {
				ALWAYS_SEARCH_USER_PATHS = NO;
				CLANG_ANALYZER_NONNULL = YES;
				CLANG_ANALYZER_NUMBER_OBJECT_CONVERSION = YES_AGGRESSIVE;
				CLANG_CXX_LANGUAGE_STANDARD = "gnu++14";
				CLANG_CXX_LIBRARY = "libc++";
				CLANG_ENABLE_MODULES = YES;
				CLANG_ENABLE_OBJC_ARC = YES;
				CLANG_ENABLE_OBJC_WEAK = YES;
				CLANG_WARN_BLOCK_CAPTURE_AUTORELEASING = YES;
				CLANG_WARN_BOOL_CONVERSION = YES;
				CLANG_WARN_COMMA = YES;
				CLANG_WARN_CONSTANT_CONVERSION = YES;
				CLANG_WARN_DEPRECATED_OBJC_IMPLEMENTATIONS = YES;
				CLANG_WARN_DIRECT_OBJC_ISA_USAGE = YES_ERROR;
				CLANG_WARN_DOCUMENTATION_COMMENTS = YES;
				CLANG_WARN_EMPTY_BODY = YES;
				CLANG_WARN_ENUM_CONVERSION = YES;
				CLANG_WARN_INFINITE_RECURSION = YES;
				CLANG_WARN_INT_CONVERSION = YES;
				CLANG_WARN_NON_LITERAL_NULL_CONVERSION = YES;
				CLANG_WARN_OBJC_IMPLICIT_RETAIN_SELF = YES;
				CLANG_WARN_OBJC_LITERAL_CONVERSION = YES;
				CLANG_WARN_OBJC_ROOT_CLASS = YES_ERROR;
				CLANG_WARN_RANGE_LOOP_ANALYSIS = YES;
				CLANG_WARN_STRICT_PROTOTYPES = YES;
				CLANG_WARN_SUSPICIOUS_MOVE = YES;
				CLANG_WARN_UNGUARDED_AVAILABILITY = YES_AGGRESSIVE;
				CLANG_WARN_UNREACHABLE_CODE = YES;
				CLANG_WARN__DUPLICATE_METHOD_MATCH = YES;
				CODE_SIGN_IDENTITY = "iPhone Developer";
				COPY_PHASE_STRIP = NO;
				DEBUG_INFORMATION_FORMAT = dwarf;
				ENABLE_STRICT_OBJC_MSGSEND = YES;
				ENABLE_TESTABILITY = YES;
				GCC_C_LANGUAGE_STANDARD = gnu11;
				GCC_DYNAMIC_NO_PIC = NO;
				GCC_NO_COMMON_BLOCKS = YES;
				GCC_OPTIMIZATION_LEVEL = 0;
				GCC_PREPROCESSOR_DEFINITIONS = (
					"DEBUG=1",
					"$(inherited)",
				);
				GCC_WARN_64_TO_32_BIT_CONVERSION = YES;
				GCC_WARN_ABOUT_RETURN_TYPE = YES_ERROR;
				GCC_WARN_UNDECLARED_SELECTOR = YES;
				GCC_WARN_UNINITIALIZED_AUTOS = YES_AGGRESSIVE;
				GCC_WARN_UNUSED_FUNCTION = YES;
				GCC_WARN_UNUSED_VARIABLE = YES;
				IPHONEOS_DEPLOYMENT_TARGET = 11.4;
				MTL_ENABLE_DEBUG_INFO = YES;
				ONLY_ACTIVE_ARCH = YES;
				SDKROOT = iphoneos;
				SWIFT_ACTIVE_COMPILATION_CONDITIONS = DEBUG;
				SWIFT_OPTIMIZATION_LEVEL = "-Onone";
			};
			name = Debug;
		};
		C28C11F2212A785900076706 /* Release */ = {
			isa = XCBuildConfiguration;
			buildSettings = {
				ALWAYS_SEARCH_USER_PATHS = NO;
				CLANG_ANALYZER_NONNULL = YES;
				CLANG_ANALYZER_NUMBER_OBJECT_CONVERSION = YES_AGGRESSIVE;
				CLANG_CXX_LANGUAGE_STANDARD = "gnu++14";
				CLANG_CXX_LIBRARY = "libc++";
				CLANG_ENABLE_MODULES = YES;
				CLANG_ENABLE_OBJC_ARC = YES;
				CLANG_ENABLE_OBJC_WEAK = YES;
				CLANG_WARN_BLOCK_CAPTURE_AUTORELEASING = YES;
				CLANG_WARN_BOOL_CONVERSION = YES;
				CLANG_WARN_COMMA = YES;
				CLANG_WARN_CONSTANT_CONVERSION = YES;
				CLANG_WARN_DEPRECATED_OBJC_IMPLEMENTATIONS = YES;
				CLANG_WARN_DIRECT_OBJC_ISA_USAGE = YES_ERROR;
				CLANG_WARN_DOCUMENTATION_COMMENTS = YES;
				CLANG_WARN_EMPTY_BODY = YES;
				CLANG_WARN_ENUM_CONVERSION = YES;
				CLANG_WARN_INFINITE_RECURSION = YES;
				CLANG_WARN_INT_CONVERSION = YES;
				CLANG_WARN_NON_LITERAL_NULL_CONVERSION = YES;
				CLANG_WARN_OBJC_IMPLICIT_RETAIN_SELF = YES;
				CLANG_WARN_OBJC_LITERAL_CONVERSION = YES;
				CLANG_WARN_OBJC_ROOT_CLASS = YES_ERROR;
				CLANG_WARN_RANGE_LOOP_ANALYSIS = YES;
				CLANG_WARN_STRICT_PROTOTYPES = YES;
				CLANG_WARN_SUSPICIOUS_MOVE = YES;
				CLANG_WARN_UNGUARDED_AVAILABILITY = YES_AGGRESSIVE;
				CLANG_WARN_UNREACHABLE_CODE = YES;
				CLANG_WARN__DUPLICATE_METHOD_MATCH = YES;
				CODE_SIGN_IDENTITY = "iPhone Developer";
				COPY_PHASE_STRIP = NO;
				DEBUG_INFORMATION_FORMAT = "dwarf-with-dsym";
				ENABLE_NS_ASSERTIONS = NO;
				ENABLE_STRICT_OBJC_MSGSEND = YES;
				GCC_C_LANGUAGE_STANDARD = gnu11;
				GCC_NO_COMMON_BLOCKS = YES;
				GCC_WARN_64_TO_32_BIT_CONVERSION = YES;
				GCC_WARN_ABOUT_RETURN_TYPE = YES_ERROR;
				GCC_WARN_UNDECLARED_SELECTOR = YES;
				GCC_WARN_UNINITIALIZED_AUTOS = YES_AGGRESSIVE;
				GCC_WARN_UNUSED_FUNCTION = YES;
				GCC_WARN_UNUSED_VARIABLE = YES;
				IPHONEOS_DEPLOYMENT_TARGET = 11.4;
				MTL_ENABLE_DEBUG_INFO = NO;
				SDKROOT = iphoneos;
				SWIFT_COMPILATION_MODE = wholemodule;
				SWIFT_OPTIMIZATION_LEVEL = "-O";
				VALIDATE_PRODUCT = YES;
			};
			name = Release;
		};
		C28C11F4212A785900076706 /* Debug */ = {
			isa = XCBuildConfiguration;
			buildSettings = {
				ASSETCATALOG_COMPILER_APPICON_NAME = AppIcon;
				CODE_SIGN_STYLE = Automatic;
				INFOPLIST_FILE = Hello/Info.plist;
				LD_RUNPATH_SEARCH_PATHS = (
					"$(inherited)",
					"@executable_path/Frameworks",
				);
				PRODUCT_BUNDLE_IDENTIFIER = com.test.Hello;
				PRODUCT_NAME = "$(TARGET_NAME)";
				SWIFT_VERSION = 4.0;
				TARGETED_DEVICE_FAMILY = "1,2";
			};
			name = Debug;
		};
		C28C11F5212A785900076706 /* Release */ = {
			isa = XCBuildConfiguration;
			buildSettings = {
				ASSETCATALOG_COMPILER_APPICON_NAME = AppIcon;
				CODE_SIGN_STYLE = Automatic;
				INFOPLIST_FILE = Hello/Info.plist;
				LD_RUNPATH_SEARCH_PATHS = (
					"$(inherited)",
					"@executable_path/Frameworks",
				);
				PRODUCT_BUNDLE_IDENTIFIER = com.test.Hello;
				PRODUCT_NAME = "$(TARGET_NAME)";
				SWIFT_VERSION = 4.0;
				TARGETED_DEVICE_FAMILY = "1,2";
			};
			name = Release;
		};
		C28C11F7212A785900076706 /* Debug */ = {
			isa = XCBuildConfiguration;
			buildSettings = {
				ALWAYS_EMBED_SWIFT_STANDARD_LIBRARIES = YES;
				BUNDLE_LOADER = "$(TEST_HOST)";
				CODE_SIGN_STYLE = Automatic;
				INFOPLIST_FILE = HelloTests/Info.plist;
				LD_RUNPATH_SEARCH_PATHS = (
					"$(inherited)",
					"@executable_path/Frameworks",
					"@loader_path/Frameworks",
				);
				PRODUCT_BUNDLE_IDENTIFIER = com.test.HelloTests;
				PRODUCT_NAME = "$(TARGET_NAME)";
				SWIFT_VERSION = 4.0;
				TARGETED_DEVICE_FAMILY = "1,2";
				TEST_HOST = "$(BUILT_PRODUCTS_DIR)/Hello.app/Hello";
			};
			name = Debug;
		};
		C28C11F8212A785900076706 /* Release */ = {
			isa = XCBuildConfiguration;
			buildSettings = {
				ALWAYS_EMBED_SWIFT_STANDARD_LIBRARIES = YES;
				BUNDLE_LOADER = "$(TEST_HOST)";
				CODE_SIGN_STYLE = Automatic;
				INFOPLIST_FILE = HelloTests/Info.plist;
				LD_RUNPATH_SEARCH_PATHS = (
					"$(inherited)",
					"@executable_path/Frameworks",
					"@loader_path/Frameworks",
				);
				PRODUCT_BUNDLE_IDENTIFIER = com.test.HelloTests;
				PRODUCT_NAME = "$(TARGET_NAME)";
				SWIFT_VERSION = 4.0;
				TARGETED_DEVICE_FAMILY = "1,2";
				TEST_HOST = "$(BUILT_PRODUCTS_DIR)/Hello.app/Hello";
			};
			name = Release;
		};
		C28C11FA212A785900076706 /* Debug */ = {
			isa = XCBuildConfiguration;
			buildSettings = {
				ALWAYS_EMBED_SWIFT_STANDARD_LIBRARIES = YES;
				CODE_SIGN_STYLE = Automatic;
				INFOPLIST_FILE = HelloUITests/Info.plist;
				LD_RUNPATH_SEARCH_PATHS = (
					"$(inherited)",
					"@executable_path/Frameworks",
					"@loader_path/Frameworks",
				);
				PRODUCT_BUNDLE_IDENTIFIER = com.test.HelloUITests;
				PRODUCT_NAME = "$(TARGET_NAME)";
				SWIFT_VERSION = 4.0;
				TARGETED_DEVICE_FAMILY = "1,2";
				TEST_TARGET_NAME = Hello;
			};
			name = Debug;
		};
		C28C11FB212A785900076706 /* Release */ = {
			isa = XCBuildConfiguration;
			buildSettings = {
				ALWAYS_EMBED_SWIFT_STANDARD_LIBRARIES = YES;
				CODE_SIGN_STYLE = Automatic;
				INFOPLIST_FILE = HelloUITests/Info.plist;
				LD_RUNPATH_SEARCH_PATHS = (
					"$(inherited)",
					"@executable_path/Frameworks",
					"@loader_path/Frameworks",
				);
				PRODUCT_BUNDLE_IDENTIFIER = com.test.HelloUITests;
				PRODUCT_NAME = "$(TARGET_NAME)";
				SWIFT_VERSION = 4.0;
				TARGETED_DEVICE_FAMILY = "1,2";
				TEST_TARGET_NAME = Hello;
			};
			name = Release;
		};
/* End XCBuildConfiguration section */

/* Begin XCConfigurationList section */
		C28C11C6212A785300076706 /* Build configuration list for PBXProject "Hello" */ = {
			isa = XCConfigurationList;
			buildConfigurations = (
				C28C11F1212A785900076706 /* Debug */,
				C28C11F2212A785900076706 /* Release */,
			);
			defaultConfigurationIsVisible = 0;
			defaultConfigurationName = Release;
		};
		C28C11F3212A785900076706 /* Build configuration list for PBXNativeTarget "Hello" */ = {
			isa = XCConfigurationList;
			buildConfigurations = (
				C28C11F4212A785900076706 /* Debug */,
				C28C11F5212A785900076706 /* Release */,
			);
			defaultConfigurationIsVisible = 0;
			defaultConfigurationName = Release;
		};
		C28C11F6212A785900076706 /* Build configuration list for PBXNativeTarget "HelloTests" */ = {
			isa = XCConfigurationList;
			buildConfigurations = (
				C28C11F7212A785900076706 /* Debug */,
				C28C11F8212A785900076706 /* Release */,
			);
			defaultConfigurationIsVisible = 0;
			defaultConfigurationName = Release;
		};
		C28C11F9212A785900076706 /* Build configuration list for PBXNativeTarget "HelloUITests" */ = {
			isa = XCConfigurationList;
			buildConfigurations = (
				C28C11FA212A785900076706 /* Debug */,
				C28C11FB212A785900076706 /* Release */,
			);
			defaultConfigurationIsVisible = 0;
			defaultConfigurationName = Release;
		};
/* End XCConfigurationList section */
	};
	rootObject = C28C11C3212A785300076706 /* Project object */;
}
